
Microsoft Visual Studio Solution File, Format Version 10.00
# Visual Studio 2008
Project("{FAE04EC0-301F-11D3-BF4B-00C04F79EFBC}") = "HPF.FutureState.Common", "HPF.FutureState.Common\HPF.FutureState.Common.csproj", "{571F09A2-386F-42DD-9E7E-B58F8983E368}"
EndProject
Project("{FAE04EC0-301F-11D3-BF4B-00C04F79EFBC}") = "HPF.FutureState.DataAccess", "HPF.FutureState.DataAccess\HPF.FutureState.DataAccess.csproj", "{913C40C6-646F-4F53-8093-018797CEEE52}"
EndProject
Project("{FAE04EC0-301F-11D3-BF4B-00C04F79EFBC}") = "HPF.FutureState.BusinessLogic", "HPF.FutureState.BusinessLogic\HPF.FutureState.BusinessLogic.csproj", "{C707A0BC-1832-46D4-A9BF-3B38B09625EF}"
EndProject
Project("{FAE04EC0-301F-11D3-BF4B-00C04F79EFBC}") = "HPF.FutureState.Web", "HPF.FutureState.Web\HPF.FutureState.Web.csproj", "{94A553D0-1C4D-4F55-8F69-A0F756889A94}"
EndProject
Project("{FAE04EC0-301F-11D3-BF4B-00C04F79EFBC}") = "HPF.FutureState.WebServices", "HPF.FutureState.WebServices\HPF.FutureState.WebServices.csproj", "{AA547ED1-F4A9-4991-ADD5-E718893D678C}"
EndProject
Project("{FAE04EC0-301F-11D3-BF4B-00C04F79EFBC}") = "HPF.FutureState.Web.HPFWebControls", "HPF.FutureState.Web.HPFWebControls\HPF.FutureState.Web.HPFWebControls.csproj", "{FE71568F-7CBD-4206-994E-DFC3919C55BD}"
EndProject
Project("{FAE04EC0-301F-11D3-BF4B-00C04F79EFBC}") = "HPF.FutureState.UnitTest", "HPF.FutureState.UnitTest\HPF.FutureState.UnitTest.csproj", "{5B537C78-E427-4A64-8DD8-BF7E351B598F}"
EndProject
Project("{2150E333-8FDC-42A3-9474-1A3956D46DE8}") = "Solution Items", "Solution Items", "{E3A7D9D8-E2F8-4D96-BF3B-60E09A55A8D6}"
EndProject
Global
	GlobalSection(SolutionConfigurationPlatforms) = preSolution
		Debug|Any CPU = Debug|Any CPU
		Release|Any CPU = Release|Any CPU
	EndGlobalSection
	GlobalSection(ProjectConfigurationPlatforms) = postSolution
		{571F09A2-386F-42DD-9E7E-B58F8983E368}.Debug|Any CPU.ActiveCfg = Debug|Any CPU
		{571F09A2-386F-42DD-9E7E-B58F8983E368}.Debug|Any CPU.Build.0 = Debug|Any CPU
		{571F09A2-386F-42DD-9E7E-B58F8983E368}.Release|Any CPU.ActiveCfg = Release|Any CPU
		{571F09A2-386F-42DD-9E7E-B58F8983E368}.Release|Any CPU.Build.0 = Release|Any CPU
		{913C40C6-646F-4F53-8093-018797CEEE52}.Debug|Any CPU.ActiveCfg = Debug|Any CPU
		{913C40C6-646F-4F53-8093-018797CEEE52}.Debug|Any CPU.Build.0 = Debug|Any CPU
		{913C40C6-646F-4F53-8093-018797CEEE52}.Release|Any CPU.ActiveCfg = Release|Any CPU
		{913C40C6-646F-4F53-8093-018797CEEE52}.Release|Any CPU.Build.0 = Release|Any CPU
		{C707A0BC-1832-46D4-A9BF-3B38B09625EF}.Debug|Any CPU.ActiveCfg = Debug|Any CPU
		{C707A0BC-1832-46D4-A9BF-3B38B09625EF}.Debug|Any CPU.Build.0 = Debug|Any CPU
		{C707A0BC-1832-46D4-A9BF-3B38B09625EF}.Release|Any CPU.ActiveCfg = Release|Any CPU
		{C707A0BC-1832-46D4-A9BF-3B38B09625EF}.Release|Any CPU.Build.0 = Release|Any CPU
		{94A553D0-1C4D-4F55-8F69-A0F756889A94}.Debug|Any CPU.ActiveCfg = Debug|Any CPU
		{94A553D0-1C4D-4F55-8F69-A0F756889A94}.Debug|Any CPU.Build.0 = Debug|Any CPU
		{94A553D0-1C4D-4F55-8F69-A0F756889A94}.Release|Any CPU.ActiveCfg = Release|Any CPU
		{94A553D0-1C4D-4F55-8F69-A0F756889A94}.Release|Any CPU.Build.0 = Release|Any CPU
		{AA547ED1-F4A9-4991-ADD5-E718893D678C}.Debug|Any CPU.ActiveCfg = Debug|Any CPU
		{AA547ED1-F4A9-4991-ADD5-E718893D678C}.Debug|Any CPU.Build.0 = Debug|Any CPU
		{AA547ED1-F4A9-4991-ADD5-E718893D678C}.Release|Any CPU.ActiveCfg = Release|Any CPU
		{AA547ED1-F4A9-4991-ADD5-E718893D678C}.Release|Any CPU.Build.0 = Release|Any CPU
		{FE71568F-7CBD-4206-994E-DFC3919C55BD}.Debug|Any CPU.ActiveCfg = Debug|Any CPU
		{FE71568F-7CBD-4206-994E-DFC3919C55BD}.Debug|Any CPU.Build.0 = Debug|Any CPU
		{FE71568F-7CBD-4206-994E-DFC3919C55BD}.Release|Any CPU.ActiveCfg = Release|Any CPU
		{FE71568F-7CBD-4206-994E-DFC3919C55BD}.Release|Any CPU.Build.0 = Release|Any CPU
		{5B537C78-E427-4A64-8DD8-BF7E351B598F}.Debug|Any CPU.ActiveCfg = Debug|Any CPU
		{5B537C78-E427-4A64-8DD8-BF7E351B598F}.Debug|Any CPU.Build.0 = Debug|Any CPU
		{5B537C78-E427-4A64-8DD8-BF7E351B598F}.Release|Any CPU.ActiveCfg = Release|Any CPU
		{5B537C78-E427-4A64-8DD8-BF7E351B598F}.Release|Any CPU.Build.0 = Release|Any CPU
	EndGlobalSection
	GlobalSection(SolutionProperties) = preSolution
		HideSolutionNode = FALSE
	EndGlobalSection
EndGlobal
