
Microsoft Visual Studio Solution File, Format Version 9.00
# Visual Studio 2005
Project("{F184B08F-C81C-45F6-A57F-5ABD9991F28F}") = "CCRC", "CCRC\CCRC.vbproj", "{1336F829-A7F0-4BE5-BA9B-F49771523C2B}"
EndProject
Project("{F184B08F-C81C-45F6-A57F-5ABD9991F28F}") = "CCRCDLLTest", "CCRCDLLTest\CCRCDLLTest.vbproj", "{D6213A92-BA2E-4DFC-BBA6-0BEFEF1BBEDB}"
EndProject
Global
	GlobalSection(SourceCodeControl) = preSolution
		SccNumberOfProjects = 2
		SccProjectUniqueName0 = CCRC\\CCRC.vbproj
		SccLocalPath0 = .
		CanCheckoutShared = false
		SccProjectFilePathRelativizedFromConnection0 = CCRC\\
		SccProjectName1 = \u0022$/CCRC/CCRCDLL\u0022,\u0020IKAAAAAA
		SccLocalPath1 = .
		SccProvider1 = MSSCCI:Microsoft\u0020Visual\u0020SourceSafe
		CanCheckoutShared = false
	EndGlobalSection
	GlobalSection(SolutionConfigurationPlatforms) = preSolution
		Debug|Any CPU = Debug|Any CPU
		Release|Any CPU = Release|Any CPU
	EndGlobalSection
	GlobalSection(ProjectConfigurationPlatforms) = postSolution
		{1336F829-A7F0-4BE5-BA9B-F49771523C2B}.Debug|Any CPU.ActiveCfg = Debug|Any CPU
		{1336F829-A7F0-4BE5-BA9B-F49771523C2B}.Debug|Any CPU.Build.0 = Debug|Any CPU
		{1336F829-A7F0-4BE5-BA9B-F49771523C2B}.Release|Any CPU.ActiveCfg = Release|Any CPU
		{1336F829-A7F0-4BE5-BA9B-F49771523C2B}.Release|Any CPU.Build.0 = Release|Any CPU
		{D6213A92-BA2E-4DFC-BBA6-0BEFEF1BBEDB}.Debug|Any CPU.ActiveCfg = Debug|Any CPU
		{D6213A92-BA2E-4DFC-BBA6-0BEFEF1BBEDB}.Debug|Any CPU.Build.0 = Debug|Any CPU
		{D6213A92-BA2E-4DFC-BBA6-0BEFEF1BBEDB}.Release|Any CPU.ActiveCfg = Release|Any CPU
		{D6213A92-BA2E-4DFC-BBA6-0BEFEF1BBEDB}.Release|Any CPU.Build.0 = Release|Any CPU
	EndGlobalSection
	GlobalSection(SolutionProperties) = preSolution
		HideSolutionNode = FALSE
	EndGlobalSection
EndGlobal
