
Microsoft Visual Studio Solution File, Format Version 9.00
# Visual Studio 2005
Project("{F14B399A-7131-4C87-9E4B-1186C45EF12D}") = "Auriton", "Auriton\Auriton.rptproj", "{083F524E-EC04-481C-AB0A-B4A0BC3857B0}"
EndProject
Project("{F14B399A-7131-4C87-9E4B-1186C45EF12D}") = "Springboard", "Springboard\Springboard.rptproj", "{17614E40-32E6-48A9-A02A-A1FFAA55A0D2}"
EndProject
Project("{F14B399A-7131-4C87-9E4B-1186C45EF12D}") = "NovaDebt", "NovaDebt\NovaDebt.rptproj", "{FB781BAA-B61A-4622-A3EF-920613B4E6F0}"
EndProject
Project("{F14B399A-7131-4C87-9E4B-1186C45EF12D}") = "CCCS Atlanta", "CCCS Atlanta\CCCS Atlanta.rptproj", "{8FE975D6-FE4F-4AB9-8EEC-5C0456C80E17}"
EndProject
Project("{F14B399A-7131-4C87-9E4B-1186C45EF12D}") = "CCCS San Francisco", "CCCS San Francisco\CCCS San Francisco.rptproj", "{EE83980F-0825-438B-AD7A-F82033B65C01}"
EndProject
Project("{F14B399A-7131-4C87-9E4B-1186C45EF12D}") = "MMI", "MMI\MMI.rptproj", "{FF56A69E-2E8B-4C9F-B515-691EFF2AD88F}"
EndProject
Project("{F14B399A-7131-4C87-9E4B-1186C45EF12D}") = "Greenpath", "Greenpath\Greenpath.rptproj", "{C481E7D9-CEA7-4A6F-BF8F-F2281F5E6698}"
EndProject
Project("{F14B399A-7131-4C87-9E4B-1186C45EF12D}") = "CCCS Dallas", "CCCS Dallas\CCCS Dallas.rptproj", "{539B9434-DB67-4527-B7AB-57AC3CD0B799}"
EndProject
Project("{F14B399A-7131-4C87-9E4B-1186C45EF12D}") = "By Design", "By Design\By Design.rptproj", "{36BCAE1F-C0A2-4A28-BD40-F023A7F1A03D}"
EndProject
Global
	GlobalSection(SolutionConfigurationPlatforms) = preSolution
		Debug|Default = Debug|Default
		DebugLocal|Default = DebugLocal|Default
		Production|Default = Production|Default
	EndGlobalSection
	GlobalSection(ProjectConfigurationPlatforms) = postSolution
		{083F524E-EC04-481C-AB0A-B4A0BC3857B0}.Debug|Default.ActiveCfg = Debug
		{083F524E-EC04-481C-AB0A-B4A0BC3857B0}.Debug|Default.Build.0 = DebugLocal
		{083F524E-EC04-481C-AB0A-B4A0BC3857B0}.Debug|Default.Deploy.0 = DebugLocal
		{083F524E-EC04-481C-AB0A-B4A0BC3857B0}.DebugLocal|Default.ActiveCfg = DebugLocal
		{083F524E-EC04-481C-AB0A-B4A0BC3857B0}.DebugLocal|Default.Build.0 = DebugLocal
		{083F524E-EC04-481C-AB0A-B4A0BC3857B0}.Production|Default.ActiveCfg = Production
		{083F524E-EC04-481C-AB0A-B4A0BC3857B0}.Production|Default.Build.0 = Production
		{083F524E-EC04-481C-AB0A-B4A0BC3857B0}.Production|Default.Deploy.0 = Production
		{17614E40-32E6-48A9-A02A-A1FFAA55A0D2}.Debug|Default.ActiveCfg = DebugLocal
		{17614E40-32E6-48A9-A02A-A1FFAA55A0D2}.Debug|Default.Build.0 = DebugLocal
		{17614E40-32E6-48A9-A02A-A1FFAA55A0D2}.DebugLocal|Default.ActiveCfg = DebugLocal
		{17614E40-32E6-48A9-A02A-A1FFAA55A0D2}.DebugLocal|Default.Build.0 = DebugLocal
		{17614E40-32E6-48A9-A02A-A1FFAA55A0D2}.Production|Default.ActiveCfg = Production
		{17614E40-32E6-48A9-A02A-A1FFAA55A0D2}.Production|Default.Build.0 = Production
		{17614E40-32E6-48A9-A02A-A1FFAA55A0D2}.Production|Default.Deploy.0 = Production
		{FB781BAA-B61A-4622-A3EF-920613B4E6F0}.Debug|Default.ActiveCfg = DebugLocal
		{FB781BAA-B61A-4622-A3EF-920613B4E6F0}.Debug|Default.Build.0 = DebugLocal
		{FB781BAA-B61A-4622-A3EF-920613B4E6F0}.DebugLocal|Default.ActiveCfg = DebugLocal
		{FB781BAA-B61A-4622-A3EF-920613B4E6F0}.DebugLocal|Default.Build.0 = DebugLocal
		{FB781BAA-B61A-4622-A3EF-920613B4E6F0}.Production|Default.ActiveCfg = Production
		{FB781BAA-B61A-4622-A3EF-920613B4E6F0}.Production|Default.Build.0 = Production
		{FB781BAA-B61A-4622-A3EF-920613B4E6F0}.Production|Default.Deploy.0 = Production
		{8FE975D6-FE4F-4AB9-8EEC-5C0456C80E17}.Debug|Default.ActiveCfg = DebugLocal
		{8FE975D6-FE4F-4AB9-8EEC-5C0456C80E17}.Debug|Default.Build.0 = DebugLocal
		{8FE975D6-FE4F-4AB9-8EEC-5C0456C80E17}.DebugLocal|Default.ActiveCfg = DebugLocal
		{8FE975D6-FE4F-4AB9-8EEC-5C0456C80E17}.DebugLocal|Default.Build.0 = DebugLocal
		{8FE975D6-FE4F-4AB9-8EEC-5C0456C80E17}.Production|Default.ActiveCfg = Production
		{8FE975D6-FE4F-4AB9-8EEC-5C0456C80E17}.Production|Default.Build.0 = Production
		{8FE975D6-FE4F-4AB9-8EEC-5C0456C80E17}.Production|Default.Deploy.0 = Production
		{EE83980F-0825-438B-AD7A-F82033B65C01}.Debug|Default.ActiveCfg = DebugLocal
		{EE83980F-0825-438B-AD7A-F82033B65C01}.Debug|Default.Build.0 = DebugLocal
		{EE83980F-0825-438B-AD7A-F82033B65C01}.DebugLocal|Default.ActiveCfg = DebugLocal
		{EE83980F-0825-438B-AD7A-F82033B65C01}.DebugLocal|Default.Build.0 = DebugLocal
		{EE83980F-0825-438B-AD7A-F82033B65C01}.Production|Default.ActiveCfg = Production
		{EE83980F-0825-438B-AD7A-F82033B65C01}.Production|Default.Build.0 = Production
		{EE83980F-0825-438B-AD7A-F82033B65C01}.Production|Default.Deploy.0 = Production
		{FF56A69E-2E8B-4C9F-B515-691EFF2AD88F}.Debug|Default.ActiveCfg = DebugLocal
		{FF56A69E-2E8B-4C9F-B515-691EFF2AD88F}.Debug|Default.Build.0 = DebugLocal
		{FF56A69E-2E8B-4C9F-B515-691EFF2AD88F}.DebugLocal|Default.ActiveCfg = DebugLocal
		{FF56A69E-2E8B-4C9F-B515-691EFF2AD88F}.DebugLocal|Default.Build.0 = DebugLocal
		{FF56A69E-2E8B-4C9F-B515-691EFF2AD88F}.Production|Default.ActiveCfg = Production
		{FF56A69E-2E8B-4C9F-B515-691EFF2AD88F}.Production|Default.Build.0 = Production
		{FF56A69E-2E8B-4C9F-B515-691EFF2AD88F}.Production|Default.Deploy.0 = Production
		{C481E7D9-CEA7-4A6F-BF8F-F2281F5E6698}.Debug|Default.ActiveCfg = DebugLocal
		{C481E7D9-CEA7-4A6F-BF8F-F2281F5E6698}.Debug|Default.Build.0 = DebugLocal
		{C481E7D9-CEA7-4A6F-BF8F-F2281F5E6698}.DebugLocal|Default.ActiveCfg = DebugLocal
		{C481E7D9-CEA7-4A6F-BF8F-F2281F5E6698}.DebugLocal|Default.Build.0 = DebugLocal
		{C481E7D9-CEA7-4A6F-BF8F-F2281F5E6698}.Production|Default.ActiveCfg = Production
		{C481E7D9-CEA7-4A6F-BF8F-F2281F5E6698}.Production|Default.Build.0 = Production
		{C481E7D9-CEA7-4A6F-BF8F-F2281F5E6698}.Production|Default.Deploy.0 = Production
		{539B9434-DB67-4527-B7AB-57AC3CD0B799}.Debug|Default.ActiveCfg = DebugLocal
		{539B9434-DB67-4527-B7AB-57AC3CD0B799}.Debug|Default.Build.0 = DebugLocal
		{539B9434-DB67-4527-B7AB-57AC3CD0B799}.DebugLocal|Default.ActiveCfg = DebugLocal
		{539B9434-DB67-4527-B7AB-57AC3CD0B799}.DebugLocal|Default.Build.0 = DebugLocal
		{539B9434-DB67-4527-B7AB-57AC3CD0B799}.Production|Default.ActiveCfg = Production
		{539B9434-DB67-4527-B7AB-57AC3CD0B799}.Production|Default.Build.0 = Production
		{539B9434-DB67-4527-B7AB-57AC3CD0B799}.Production|Default.Deploy.0 = Production
		{36BCAE1F-C0A2-4A28-BD40-F023A7F1A03D}.Debug|Default.ActiveCfg = DebugLocal
		{36BCAE1F-C0A2-4A28-BD40-F023A7F1A03D}.Debug|Default.Build.0 = DebugLocal
		{36BCAE1F-C0A2-4A28-BD40-F023A7F1A03D}.DebugLocal|Default.ActiveCfg = DebugLocal
		{36BCAE1F-C0A2-4A28-BD40-F023A7F1A03D}.DebugLocal|Default.Build.0 = DebugLocal
		{36BCAE1F-C0A2-4A28-BD40-F023A7F1A03D}.Production|Default.ActiveCfg = Production
		{36BCAE1F-C0A2-4A28-BD40-F023A7F1A03D}.Production|Default.Build.0 = Production
		{36BCAE1F-C0A2-4A28-BD40-F023A7F1A03D}.Production|Default.Deploy.0 = Production
	EndGlobalSection
	GlobalSection(SolutionProperties) = preSolution
		HideSolutionNode = FALSE
	EndGlobalSection
EndGlobal
