
Microsoft Visual Studio Solution File, Format Version 9.00
# Visual Studio 2005
Project("{F14B399A-7131-4C87-9E4B-1186C45EF12D}") = "hpf_accounting", "hpf_accounting\hpf_accounting.rptproj", "{C5FAF5C1-4E87-4F40-B464-3C3D07D41E38}"
EndProject
Project("{F14B399A-7131-4C87-9E4B-1186C45EF12D}") = "hpf_counseling", "hpf_counseling\hpf_counseling.rptproj", "{49BF1DBA-ED84-4D10-BF86-0A1CB13FBA6D}"
EndProject
Project("{F14B399A-7131-4C87-9E4B-1186C45EF12D}") = "hpf_system", "hpf_system\hpf_system.rptproj", "{EF0217AB-BB97-488F-AA97-878D275A0CA6}"
EndProject
Project("{F14B399A-7131-4C87-9E4B-1186C45EF12D}") = "hpf_MHA", "hpf_MHA\hpf_MHA.rptproj", "{4590EC96-A4D7-43CC-AEAD-0536B5A39AB9}"
EndProject
Project("{F14B399A-7131-4C87-9E4B-1186C45EF12D}") = "hpf_quality_control", "hpf_quality_control\hpf_quality_control.rptproj", "{88074DC4-8318-46F4-9795-CCB36466F992}"
EndProject
Project("{F14B399A-7131-4C87-9E4B-1186C45EF12D}") = "hpf_call_center", "hpf_call_center\hpf_call_center.rptproj", "{3FFF45B5-0420-47CF-A268-5CF6DBA01677}"
EndProject
Global
	GlobalSection(SolutionConfigurationPlatforms) = preSolution
		Debug|Default = Debug|Default
		DebugLocal|Default = DebugLocal|Default
		Development|Default = Development|Default
		Production|Default = Production|Default
	EndGlobalSection
	GlobalSection(ProjectConfigurationPlatforms) = postSolution
		{C5FAF5C1-4E87-4F40-B464-3C3D07D41E38}.Debug|Default.ActiveCfg = Production
		{C5FAF5C1-4E87-4F40-B464-3C3D07D41E38}.Debug|Default.Build.0 = Production
		{C5FAF5C1-4E87-4F40-B464-3C3D07D41E38}.Debug|Default.Deploy.0 = Production
		{C5FAF5C1-4E87-4F40-B464-3C3D07D41E38}.DebugLocal|Default.ActiveCfg = DebugLocal
		{C5FAF5C1-4E87-4F40-B464-3C3D07D41E38}.DebugLocal|Default.Build.0 = DebugLocal
		{C5FAF5C1-4E87-4F40-B464-3C3D07D41E38}.DebugLocal|Default.Deploy.0 = DebugLocal
		{C5FAF5C1-4E87-4F40-B464-3C3D07D41E38}.Development|Default.ActiveCfg = DebugLocal
		{C5FAF5C1-4E87-4F40-B464-3C3D07D41E38}.Development|Default.Build.0 = DebugLocal
		{C5FAF5C1-4E87-4F40-B464-3C3D07D41E38}.Development|Default.Deploy.0 = DebugLocal
		{C5FAF5C1-4E87-4F40-B464-3C3D07D41E38}.Production|Default.ActiveCfg = Production
		{C5FAF5C1-4E87-4F40-B464-3C3D07D41E38}.Production|Default.Build.0 = Production
		{C5FAF5C1-4E87-4F40-B464-3C3D07D41E38}.Production|Default.Deploy.0 = Production
		{49BF1DBA-ED84-4D10-BF86-0A1CB13FBA6D}.Debug|Default.ActiveCfg = Production
		{49BF1DBA-ED84-4D10-BF86-0A1CB13FBA6D}.Debug|Default.Build.0 = Production
		{49BF1DBA-ED84-4D10-BF86-0A1CB13FBA6D}.Debug|Default.Deploy.0 = Production
		{49BF1DBA-ED84-4D10-BF86-0A1CB13FBA6D}.DebugLocal|Default.ActiveCfg = DebugLocal
		{49BF1DBA-ED84-4D10-BF86-0A1CB13FBA6D}.DebugLocal|Default.Build.0 = DebugLocal
		{49BF1DBA-ED84-4D10-BF86-0A1CB13FBA6D}.DebugLocal|Default.Deploy.0 = DebugLocal
		{49BF1DBA-ED84-4D10-BF86-0A1CB13FBA6D}.Development|Default.ActiveCfg = DebugLocal
		{49BF1DBA-ED84-4D10-BF86-0A1CB13FBA6D}.Development|Default.Build.0 = DebugLocal
		{49BF1DBA-ED84-4D10-BF86-0A1CB13FBA6D}.Development|Default.Deploy.0 = DebugLocal
		{49BF1DBA-ED84-4D10-BF86-0A1CB13FBA6D}.Production|Default.ActiveCfg = Production
		{49BF1DBA-ED84-4D10-BF86-0A1CB13FBA6D}.Production|Default.Build.0 = Production
		{49BF1DBA-ED84-4D10-BF86-0A1CB13FBA6D}.Production|Default.Deploy.0 = Production
		{EF0217AB-BB97-488F-AA97-878D275A0CA6}.Debug|Default.ActiveCfg = Production
		{EF0217AB-BB97-488F-AA97-878D275A0CA6}.Debug|Default.Build.0 = Production
		{EF0217AB-BB97-488F-AA97-878D275A0CA6}.Debug|Default.Deploy.0 = Production
		{EF0217AB-BB97-488F-AA97-878D275A0CA6}.DebugLocal|Default.ActiveCfg = DebugLocal
		{EF0217AB-BB97-488F-AA97-878D275A0CA6}.DebugLocal|Default.Build.0 = DebugLocal
		{EF0217AB-BB97-488F-AA97-878D275A0CA6}.DebugLocal|Default.Deploy.0 = DebugLocal
		{EF0217AB-BB97-488F-AA97-878D275A0CA6}.Development|Default.ActiveCfg = DebugLocal
		{EF0217AB-BB97-488F-AA97-878D275A0CA6}.Development|Default.Build.0 = DebugLocal
		{EF0217AB-BB97-488F-AA97-878D275A0CA6}.Development|Default.Deploy.0 = DebugLocal
		{EF0217AB-BB97-488F-AA97-878D275A0CA6}.Production|Default.ActiveCfg = Production
		{EF0217AB-BB97-488F-AA97-878D275A0CA6}.Production|Default.Build.0 = Production
		{EF0217AB-BB97-488F-AA97-878D275A0CA6}.Production|Default.Deploy.0 = Production
		{4590EC96-A4D7-43CC-AEAD-0536B5A39AB9}.Debug|Default.ActiveCfg = DebugLocal
		{4590EC96-A4D7-43CC-AEAD-0536B5A39AB9}.Debug|Default.Build.0 = DebugLocal
		{4590EC96-A4D7-43CC-AEAD-0536B5A39AB9}.DebugLocal|Default.ActiveCfg = DebugLocal
		{4590EC96-A4D7-43CC-AEAD-0536B5A39AB9}.DebugLocal|Default.Build.0 = DebugLocal
		{4590EC96-A4D7-43CC-AEAD-0536B5A39AB9}.Development|Default.ActiveCfg = DebugLocal
		{4590EC96-A4D7-43CC-AEAD-0536B5A39AB9}.Development|Default.Build.0 = DebugLocal
		{4590EC96-A4D7-43CC-AEAD-0536B5A39AB9}.Production|Default.ActiveCfg = Production
		{4590EC96-A4D7-43CC-AEAD-0536B5A39AB9}.Production|Default.Build.0 = Production
		{4590EC96-A4D7-43CC-AEAD-0536B5A39AB9}.Production|Default.Deploy.0 = Production
		{88074DC4-8318-46F4-9795-CCB36466F992}.Debug|Default.ActiveCfg = DebugLocal
		{88074DC4-8318-46F4-9795-CCB36466F992}.Debug|Default.Build.0 = DebugLocal
		{88074DC4-8318-46F4-9795-CCB36466F992}.DebugLocal|Default.ActiveCfg = DebugLocal
		{88074DC4-8318-46F4-9795-CCB36466F992}.DebugLocal|Default.Build.0 = DebugLocal
		{88074DC4-8318-46F4-9795-CCB36466F992}.Development|Default.ActiveCfg = DebugLocal
		{88074DC4-8318-46F4-9795-CCB36466F992}.Development|Default.Build.0 = DebugLocal
		{88074DC4-8318-46F4-9795-CCB36466F992}.Production|Default.ActiveCfg = Production
		{88074DC4-8318-46F4-9795-CCB36466F992}.Production|Default.Build.0 = Production
		{88074DC4-8318-46F4-9795-CCB36466F992}.Production|Default.Deploy.0 = Production
		{3FFF45B5-0420-47CF-A268-5CF6DBA01677}.Debug|Default.ActiveCfg = DebugLocal
		{3FFF45B5-0420-47CF-A268-5CF6DBA01677}.Debug|Default.Build.0 = DebugLocal
		{3FFF45B5-0420-47CF-A268-5CF6DBA01677}.DebugLocal|Default.ActiveCfg = DebugLocal
		{3FFF45B5-0420-47CF-A268-5CF6DBA01677}.DebugLocal|Default.Build.0 = DebugLocal
		{3FFF45B5-0420-47CF-A268-5CF6DBA01677}.Development|Default.ActiveCfg = DebugLocal
		{3FFF45B5-0420-47CF-A268-5CF6DBA01677}.Development|Default.Build.0 = DebugLocal
		{3FFF45B5-0420-47CF-A268-5CF6DBA01677}.Production|Default.ActiveCfg = Production
		{3FFF45B5-0420-47CF-A268-5CF6DBA01677}.Production|Default.Build.0 = Production
		{3FFF45B5-0420-47CF-A268-5CF6DBA01677}.Production|Default.Deploy.0 = Production
	EndGlobalSection
	GlobalSection(SolutionProperties) = preSolution
		HideSolutionNode = FALSE
	EndGlobalSection
EndGlobal
