
Microsoft Visual Studio Solution File, Format Version 9.00
# Visual Studio 2005
Project("{F14B399A-7131-4C87-9E4B-1186C45EF12D}") = "hpf_accounting", "hpf_accounting\hpf_accounting.rptproj", "{C5FAF5C1-4E87-4F40-B464-3C3D07D41E38}"
EndProject
Project("{F14B399A-7131-4C87-9E4B-1186C45EF12D}") = "hpf_counseling", "hpf_counseling\hpf_counseling.rptproj", "{49BF1DBA-ED84-4D10-BF86-0A1CB13FBA6D}"
EndProject
Project("{F14B399A-7131-4C87-9E4B-1186C45EF12D}") = "hpf_system", "hpf_system\hpf_system.rptproj", "{EF0217AB-BB97-488F-AA97-878D275A0CA6}"
EndProject
Global
	GlobalSection(SolutionConfigurationPlatforms) = preSolution
		Debug|Default = Debug|Default
		DebugLocal|Default = DebugLocal|Default
		Production|Default = Production|Default
	EndGlobalSection
	GlobalSection(ProjectConfigurationPlatforms) = postSolution
		{C5FAF5C1-4E87-4F40-B464-3C3D07D41E38}.Debug|Default.ActiveCfg = Production
		{C5FAF5C1-4E87-4F40-B464-3C3D07D41E38}.Debug|Default.Build.0 = Production
		{C5FAF5C1-4E87-4F40-B464-3C3D07D41E38}.Debug|Default.Deploy.0 = Production
		{C5FAF5C1-4E87-4F40-B464-3C3D07D41E38}.DebugLocal|Default.ActiveCfg = DebugLocal
		{C5FAF5C1-4E87-4F40-B464-3C3D07D41E38}.DebugLocal|Default.Build.0 = DebugLocal
		{C5FAF5C1-4E87-4F40-B464-3C3D07D41E38}.DebugLocal|Default.Deploy.0 = DebugLocal
		{C5FAF5C1-4E87-4F40-B464-3C3D07D41E38}.Production|Default.ActiveCfg = Production
		{C5FAF5C1-4E87-4F40-B464-3C3D07D41E38}.Production|Default.Build.0 = Production
		{C5FAF5C1-4E87-4F40-B464-3C3D07D41E38}.Production|Default.Deploy.0 = Production
		{49BF1DBA-ED84-4D10-BF86-0A1CB13FBA6D}.Debug|Default.ActiveCfg = Production
		{49BF1DBA-ED84-4D10-BF86-0A1CB13FBA6D}.Debug|Default.Build.0 = Production
		{49BF1DBA-ED84-4D10-BF86-0A1CB13FBA6D}.Debug|Default.Deploy.0 = Production
		{49BF1DBA-ED84-4D10-BF86-0A1CB13FBA6D}.DebugLocal|Default.ActiveCfg = DebugLocal
		{49BF1DBA-ED84-4D10-BF86-0A1CB13FBA6D}.DebugLocal|Default.Build.0 = DebugLocal
		{49BF1DBA-ED84-4D10-BF86-0A1CB13FBA6D}.DebugLocal|Default.Deploy.0 = DebugLocal
		{49BF1DBA-ED84-4D10-BF86-0A1CB13FBA6D}.Production|Default.ActiveCfg = Production
		{49BF1DBA-ED84-4D10-BF86-0A1CB13FBA6D}.Production|Default.Build.0 = Production
		{49BF1DBA-ED84-4D10-BF86-0A1CB13FBA6D}.Production|Default.Deploy.0 = Production
		{EF0217AB-BB97-488F-AA97-878D275A0CA6}.Debug|Default.ActiveCfg = Production
		{EF0217AB-BB97-488F-AA97-878D275A0CA6}.Debug|Default.Build.0 = Production
		{EF0217AB-BB97-488F-AA97-878D275A0CA6}.Debug|Default.Deploy.0 = Production
		{EF0217AB-BB97-488F-AA97-878D275A0CA6}.DebugLocal|Default.ActiveCfg = DebugLocal
		{EF0217AB-BB97-488F-AA97-878D275A0CA6}.DebugLocal|Default.Build.0 = DebugLocal
		{EF0217AB-BB97-488F-AA97-878D275A0CA6}.DebugLocal|Default.Deploy.0 = DebugLocal
		{EF0217AB-BB97-488F-AA97-878D275A0CA6}.Production|Default.ActiveCfg = Production
		{EF0217AB-BB97-488F-AA97-878D275A0CA6}.Production|Default.Build.0 = Production
		{EF0217AB-BB97-488F-AA97-878D275A0CA6}.Production|Default.Deploy.0 = Production
	EndGlobalSection
	GlobalSection(SolutionProperties) = preSolution
		HideSolutionNode = FALSE
	EndGlobalSection
EndGlobal
