
Microsoft Visual Studio Solution File, Format Version 10.00
# Visual Studio 2008
Project("{FAE04EC0-301F-11D3-BF4B-00C04F79EFBC}") = "HPF.Features", "HPF.Features\HPF.Features.csproj", "{4EBDAB26-003A-4A98-A499-CFDE9A6E3F39}"
EndProject
Project("{FAE04EC0-301F-11D3-BF4B-00C04F79EFBC}") = "HPF.CustomActions", "HPF.CustomActions\HPF.CustomActions.csproj", "{6A6434D8-742F-430E-B683-4AAA01E27C5C}"
EndProject
Project("{2150E333-8FDC-42A3-9474-1A3956D46DE8}") = "Zip Library", "Zip Library", "{F439FC0D-0267-4994-963D-9B27F8B2A9C3}"
	ProjectSection(SolutionItems) = preProject
		Zip Library\ICSharpCode.SharpZipLib.dll = Zip Library\ICSharpCode.SharpZipLib.dll
	EndProjectSection
EndProject
Project("{2150E333-8FDC-42A3-9474-1A3956D46DE8}") = "DSO Library", "DSO Library", "{A1C36D50-D753-4C7A-BC0A-93464709D178}"
	ProjectSection(SolutionItems) = preProject
		DSO Library\Interop.Dsofile.dll = DSO Library\Interop.Dsofile.dll
	EndProjectSection
EndProject
Global
	GlobalSection(SolutionConfigurationPlatforms) = preSolution
		Debug|Any CPU = Debug|Any CPU
		Release|Any CPU = Release|Any CPU
	EndGlobalSection
	GlobalSection(ProjectConfigurationPlatforms) = postSolution
		{4EBDAB26-003A-4A98-A499-CFDE9A6E3F39}.Debug|Any CPU.ActiveCfg = Debug|Any CPU
		{4EBDAB26-003A-4A98-A499-CFDE9A6E3F39}.Debug|Any CPU.Build.0 = Debug|Any CPU
		{4EBDAB26-003A-4A98-A499-CFDE9A6E3F39}.Debug|Any CPU.Deploy.0 = Debug|Any CPU
		{4EBDAB26-003A-4A98-A499-CFDE9A6E3F39}.Release|Any CPU.ActiveCfg = Release|Any CPU
		{4EBDAB26-003A-4A98-A499-CFDE9A6E3F39}.Release|Any CPU.Build.0 = Release|Any CPU
		{4EBDAB26-003A-4A98-A499-CFDE9A6E3F39}.Release|Any CPU.Deploy.0 = Release|Any CPU
		{6A6434D8-742F-430E-B683-4AAA01E27C5C}.Debug|Any CPU.ActiveCfg = Debug|Any CPU
		{6A6434D8-742F-430E-B683-4AAA01E27C5C}.Debug|Any CPU.Build.0 = Debug|Any CPU
		{6A6434D8-742F-430E-B683-4AAA01E27C5C}.Release|Any CPU.ActiveCfg = Release|Any CPU
		{6A6434D8-742F-430E-B683-4AAA01E27C5C}.Release|Any CPU.Build.0 = Release|Any CPU
	EndGlobalSection
	GlobalSection(SolutionProperties) = preSolution
		HideSolutionNode = FALSE
	EndGlobalSection
	GlobalSection(SubversionScc) = preSolution
		Svn-Managed = True
		Manager = AnkhSVN - Subversion Support for Visual Studio
	EndGlobalSection
EndGlobal
